
Microsoft Visual Studio Solution File, Format Version 12.00
# Visual Studio Version 16
VisualStudioVersion = 16.0.30621.155
MinimumVisualStudioVersion = 10.0.40219.1
Project("{FAE04EC0-301F-11D3-BF4B-00C04F79EFBC}") = "NZTravelMate.UWP", "NZTravelMate\NZTravelMate.UWP\NZTravelMate.UWP.csproj", "{46DA6B41-E0C6-45DB-924D-1BC952A28861}"
EndProject
Project("{FAE04EC0-301F-11D3-BF4B-00C04F79EFBC}") = "NZTravelMate.Android", "NZTravelMate\NZTravelMate.Android\NZTravelMate.Android.csproj", "{43D0FFFF-B8C6-4ACE-9E0C-7DE1CF205C52}"
EndProject
Project("{FAE04EC0-301F-11D3-BF4B-00C04F79EFBC}") = "NZTravelMate.iOS", "NZTravelMate\NZTravelMate.iOS\NZTravelMate.iOS.csproj", "{D7153F8E-AF22-4557-A136-EEA57F5DEC3A}"
EndProject
Project("{FAE04EC0-301F-11D3-BF4B-00C04F79EFBC}") = "NZTravelMate", "NZTravelMate\NZTravelMate\NZTravelMate.csproj", "{AFA0AC08-C637-4CCD-A00E-6AF7F5E525F6}"
EndProject
Global
	GlobalSection(SolutionConfigurationPlatforms) = preSolution
		Debug|Any CPU = Debug|Any CPU
		Debug|ARM = Debug|ARM
		Debug|iPhone = Debug|iPhone
		Debug|iPhoneSimulator = Debug|iPhoneSimulator
		Debug|x64 = Debug|x64
		Debug|x86 = Debug|x86
		Release|Any CPU = Release|Any CPU
		Release|ARM = Release|ARM
		Release|iPhone = Release|iPhone
		Release|iPhoneSimulator = Release|iPhoneSimulator
		Release|x64 = Release|x64
		Release|x86 = Release|x86
	EndGlobalSection
	GlobalSection(ProjectConfigurationPlatforms) = postSolution
		{46DA6B41-E0C6-45DB-924D-1BC952A28861}.Debug|Any CPU.ActiveCfg = Debug|x86
		{46DA6B41-E0C6-45DB-924D-1BC952A28861}.Debug|Any CPU.Build.0 = Debug|x86
		{46DA6B41-E0C6-45DB-924D-1BC952A28861}.Debug|Any CPU.Deploy.0 = Debug|x86
		{46DA6B41-E0C6-45DB-924D-1BC952A28861}.Debug|ARM.ActiveCfg = Debug|ARM
		{46DA6B41-E0C6-45DB-924D-1BC952A28861}.Debug|ARM.Build.0 = Debug|ARM
		{46DA6B41-E0C6-45DB-924D-1BC952A28861}.Debug|ARM.Deploy.0 = Debug|ARM
		{46DA6B41-E0C6-45DB-924D-1BC952A28861}.Debug|iPhone.ActiveCfg = Debug|x86
		{46DA6B41-E0C6-45DB-924D-1BC952A28861}.Debug|iPhone.Build.0 = Debug|x86
		{46DA6B41-E0C6-45DB-924D-1BC952A28861}.Debug|iPhone.Deploy.0 = Debug|x86
		{46DA6B41-E0C6-45DB-924D-1BC952A28861}.Debug|iPhoneSimulator.ActiveCfg = Debug|x86
		{46DA6B41-E0C6-45DB-924D-1BC952A28861}.Debug|iPhoneSimulator.Build.0 = Debug|x86
		{46DA6B41-E0C6-45DB-924D-1BC952A28861}.Debug|iPhoneSimulator.Deploy.0 = Debug|x86
		{46DA6B41-E0C6-45DB-924D-1BC952A28861}.Debug|x64.ActiveCfg = Debug|x64
		{46DA6B41-E0C6-45DB-924D-1BC952A28861}.Debug|x64.Build.0 = Debug|x64
		{46DA6B41-E0C6-45DB-924D-1BC952A28861}.Debug|x64.Deploy.0 = Debug|x64
		{46DA6B41-E0C6-45DB-924D-1BC952A28861}.Debug|x86.ActiveCfg = Debug|x86
		{46DA6B41-E0C6-45DB-924D-1BC952A28861}.Debug|x86.Build.0 = Debug|x86
		{46DA6B41-E0C6-45DB-924D-1BC952A28861}.Debug|x86.Deploy.0 = Debug|x86
		{46DA6B41-E0C6-45DB-924D-1BC952A28861}.Release|Any CPU.ActiveCfg = Release|x86
		{46DA6B41-E0C6-45DB-924D-1BC952A28861}.Release|Any CPU.Build.0 = Release|x86
		{46DA6B41-E0C6-45DB-924D-1BC952A28861}.Release|Any CPU.Deploy.0 = Release|x86
		{46DA6B41-E0C6-45DB-924D-1BC952A28861}.Release|ARM.ActiveCfg = Release|ARM
		{46DA6B41-E0C6-45DB-924D-1BC952A28861}.Release|ARM.Build.0 = Release|ARM
		{46DA6B41-E0C6-45DB-924D-1BC952A28861}.Release|ARM.Deploy.0 = Release|ARM
		{46DA6B41-E0C6-45DB-924D-1BC952A28861}.Release|iPhone.ActiveCfg = Release|x86
		{46DA6B41-E0C6-45DB-924D-1BC952A28861}.Release|iPhone.Build.0 = Release|x86
		{46DA6B41-E0C6-45DB-924D-1BC952A28861}.Release|iPhone.Deploy.0 = Release|x86
		{46DA6B41-E0C6-45DB-924D-1BC952A28861}.Release|iPhoneSimulator.ActiveCfg = Release|x86
		{46DA6B41-E0C6-45DB-924D-1BC952A28861}.Release|iPhoneSimulator.Build.0 = Release|x86
		{46DA6B41-E0C6-45DB-924D-1BC952A28861}.Release|iPhoneSimulator.Deploy.0 = Release|x86
		{46DA6B41-E0C6-45DB-924D-1BC952A28861}.Release|x64.ActiveCfg = Release|x64
		{46DA6B41-E0C6-45DB-924D-1BC952A28861}.Release|x64.Build.0 = Release|x64
		{46DA6B41-E0C6-45DB-924D-1BC952A28861}.Release|x64.Deploy.0 = Release|x64
		{46DA6B41-E0C6-45DB-924D-1BC952A28861}.Release|x86.ActiveCfg = Release|x86
		{46DA6B41-E0C6-45DB-924D-1BC952A28861}.Release|x86.Build.0 = Release|x86
		{46DA6B41-E0C6-45DB-924D-1BC952A28861}.Release|x86.Deploy.0 = Release|x86
		{43D0FFFF-B8C6-4ACE-9E0C-7DE1CF205C52}.Debug|Any CPU.ActiveCfg = Debug|Any CPU
		{43D0FFFF-B8C6-4ACE-9E0C-7DE1CF205C52}.Debug|Any CPU.Build.0 = Debug|Any CPU
		{43D0FFFF-B8C6-4ACE-9E0C-7DE1CF205C52}.Debug|Any CPU.Deploy.0 = Debug|Any CPU
		{43D0FFFF-B8C6-4ACE-9E0C-7DE1CF205C52}.Debug|ARM.ActiveCfg = Debug|Any CPU
		{43D0FFFF-B8C6-4ACE-9E0C-7DE1CF205C52}.Debug|ARM.Build.0 = Debug|Any CPU
		{43D0FFFF-B8C6-4ACE-9E0C-7DE1CF205C52}.Debug|ARM.Deploy.0 = Debug|Any CPU
		{43D0FFFF-B8C6-4ACE-9E0C-7DE1CF205C52}.Debug|iPhone.ActiveCfg = Debug|Any CPU
		{43D0FFFF-B8C6-4ACE-9E0C-7DE1CF205C52}.Debug|iPhone.Build.0 = Debug|Any CPU
		{43D0FFFF-B8C6-4ACE-9E0C-7DE1CF205C52}.Debug|iPhone.Deploy.0 = Debug|Any CPU
		{43D0FFFF-B8C6-4ACE-9E0C-7DE1CF205C52}.Debug|iPhoneSimulator.ActiveCfg = Debug|Any CPU
		{43D0FFFF-B8C6-4ACE-9E0C-7DE1CF205C52}.Debug|iPhoneSimulator.Build.0 = Debug|Any CPU
		{43D0FFFF-B8C6-4ACE-9E0C-7DE1CF205C52}.Debug|iPhoneSimulator.Deploy.0 = Debug|Any CPU
		{43D0FFFF-B8C6-4ACE-9E0C-7DE1CF205C52}.Debug|x64.ActiveCfg = Debug|Any CPU
		{43D0FFFF-B8C6-4ACE-9E0C-7DE1CF205C52}.Debug|x64.Build.0 = Debug|Any CPU
		{43D0FFFF-B8C6-4ACE-9E0C-7DE1CF205C52}.Debug|x64.Deploy.0 = Debug|Any CPU
		{43D0FFFF-B8C6-4ACE-9E0C-7DE1CF205C52}.Debug|x86.ActiveCfg = Debug|Any CPU
		{43D0FFFF-B8C6-4ACE-9E0C-7DE1CF205C52}.Debug|x86.Build.0 = Debug|Any CPU
		{43D0FFFF-B8C6-4ACE-9E0C-7DE1CF205C52}.Debug|x86.Deploy.0 = Debug|Any CPU
		{43D0FFFF-B8C6-4ACE-9E0C-7DE1CF205C52}.Release|Any CPU.ActiveCfg = Release|Any CPU
		{43D0FFFF-B8C6-4ACE-9E0C-7DE1CF205C52}.Release|Any CPU.Build.0 = Release|Any CPU
		{43D0FFFF-B8C6-4ACE-9E0C-7DE1CF205C52}.Release|Any CPU.Deploy.0 = Release|Any CPU
		{43D0FFFF-B8C6-4ACE-9E0C-7DE1CF205C52}.Release|ARM.ActiveCfg = Release|Any CPU
		{43D0FFFF-B8C6-4ACE-9E0C-7DE1CF205C52}.Release|ARM.Build.0 = Release|Any CPU
		{43D0FFFF-B8C6-4ACE-9E0C-7DE1CF205C52}.Release|ARM.Deploy.0 = Release|Any CPU
		{43D0FFFF-B8C6-4ACE-9E0C-7DE1CF205C52}.Release|iPhone.ActiveCfg = Release|Any CPU
		{43D0FFFF-B8C6-4ACE-9E0C-7DE1CF205C52}.Release|iPhone.Build.0 = Release|Any CPU
		{43D0FFFF-B8C6-4ACE-9E0C-7DE1CF205C52}.Release|iPhone.Deploy.0 = Release|Any CPU
		{43D0FFFF-B8C6-4ACE-9E0C-7DE1CF205C52}.Release|iPhoneSimulator.ActiveCfg = Release|Any CPU
		{43D0FFFF-B8C6-4ACE-9E0C-7DE1CF205C52}.Release|iPhoneSimulator.Build.0 = Release|Any CPU
		{43D0FFFF-B8C6-4ACE-9E0C-7DE1CF205C52}.Release|iPhoneSimulator.Deploy.0 = Release|Any CPU
		{43D0FFFF-B8C6-4ACE-9E0C-7DE1CF205C52}.Release|x64.ActiveCfg = Release|Any CPU
		{43D0FFFF-B8C6-4ACE-9E0C-7DE1CF205C52}.Release|x64.Build.0 = Release|Any CPU
		{43D0FFFF-B8C6-4ACE-9E0C-7DE1CF205C52}.Release|x64.Deploy.0 = Release|Any CPU
		{43D0FFFF-B8C6-4ACE-9E0C-7DE1CF205C52}.Release|x86.ActiveCfg = Release|Any CPU
		{43D0FFFF-B8C6-4ACE-9E0C-7DE1CF205C52}.Release|x86.Build.0 = Release|Any CPU
		{43D0FFFF-B8C6-4ACE-9E0C-7DE1CF205C52}.Release|x86.Deploy.0 = Release|Any CPU
		{D7153F8E-AF22-4557-A136-EEA57F5DEC3A}.Debug|Any CPU.ActiveCfg = Debug|iPhoneSimulator
		{D7153F8E-AF22-4557-A136-EEA57F5DEC3A}.Debug|Any CPU.Build.0 = Debug|iPhoneSimulator
		{D7153F8E-AF22-4557-A136-EEA57F5DEC3A}.Debug|Any CPU.Deploy.0 = Debug|iPhoneSimulator
		{D7153F8E-AF22-4557-A136-EEA57F5DEC3A}.Debug|ARM.ActiveCfg = Debug|iPhone
		{D7153F8E-AF22-4557-A136-EEA57F5DEC3A}.Debug|ARM.Build.0 = Debug|iPhone
		{D7153F8E-AF22-4557-A136-EEA57F5DEC3A}.Debug|ARM.Deploy.0 = Debug|iPhone
		{D7153F8E-AF22-4557-A136-EEA57F5DEC3A}.Debug|iPhone.ActiveCfg = Debug|iPhone
		{D7153F8E-AF22-4557-A136-EEA57F5DEC3A}.Debug|iPhone.Build.0 = Debug|iPhone
		{D7153F8E-AF22-4557-A136-EEA57F5DEC3A}.Debug|iPhone.Deploy.0 = Debug|iPhone
		{D7153F8E-AF22-4557-A136-EEA57F5DEC3A}.Debug|iPhoneSimulator.ActiveCfg = Debug|iPhoneSimulator
		{D7153F8E-AF22-4557-A136-EEA57F5DEC3A}.Debug|iPhoneSimulator.Build.0 = Debug|iPhoneSimulator
		{D7153F8E-AF22-4557-A136-EEA57F5DEC3A}.Debug|iPhoneSimulator.Deploy.0 = Debug|iPhoneSimulator
		{D7153F8E-AF22-4557-A136-EEA57F5DEC3A}.Debug|x64.ActiveCfg = Debug|iPhoneSimulator
		{D7153F8E-AF22-4557-A136-EEA57F5DEC3A}.Debug|x64.Build.0 = Debug|iPhoneSimulator
		{D7153F8E-AF22-4557-A136-EEA57F5DEC3A}.Debug|x64.Deploy.0 = Debug|iPhoneSimulator
		{D7153F8E-AF22-4557-A136-EEA57F5DEC3A}.Debug|x86.ActiveCfg = Debug|iPhoneSimulator
		{D7153F8E-AF22-4557-A136-EEA57F5DEC3A}.Debug|x86.Build.0 = Debug|iPhoneSimulator
		{D7153F8E-AF22-4557-A136-EEA57F5DEC3A}.Debug|x86.Deploy.0 = Debug|iPhoneSimulator
		{D7153F8E-AF22-4557-A136-EEA57F5DEC3A}.Release|Any CPU.ActiveCfg = Release|iPhoneSimulator
		{D7153F8E-AF22-4557-A136-EEA57F5DEC3A}.Release|Any CPU.Build.0 = Release|iPhoneSimulator
		{D7153F8E-AF22-4557-A136-EEA57F5DEC3A}.Release|Any CPU.Deploy.0 = Release|iPhoneSimulator
		{D7153F8E-AF22-4557-A136-EEA57F5DEC3A}.Release|ARM.ActiveCfg = Release|iPhoneSimulator
		{D7153F8E-AF22-4557-A136-EEA57F5DEC3A}.Release|ARM.Build.0 = Release|iPhoneSimulator
		{D7153F8E-AF22-4557-A136-EEA57F5DEC3A}.Release|ARM.Deploy.0 = Release|iPhoneSimulator
		{D7153F8E-AF22-4557-A136-EEA57F5DEC3A}.Release|iPhone.ActiveCfg = Release|iPhone
		{D7153F8E-AF22-4557-A136-EEA57F5DEC3A}.Release|iPhone.Build.0 = Release|iPhone
		{D7153F8E-AF22-4557-A136-EEA57F5DEC3A}.Release|iPhone.Deploy.0 = Release|iPhone
		{D7153F8E-AF22-4557-A136-EEA57F5DEC3A}.Release|iPhoneSimulator.ActiveCfg = Release|iPhoneSimulator
		{D7153F8E-AF22-4557-A136-EEA57F5DEC3A}.Release|iPhoneSimulator.Build.0 = Release|iPhoneSimulator
		{D7153F8E-AF22-4557-A136-EEA57F5DEC3A}.Release|iPhoneSimulator.Deploy.0 = Release|iPhoneSimulator
		{D7153F8E-AF22-4557-A136-EEA57F5DEC3A}.Release|x64.ActiveCfg = Release|iPhoneSimulator
		{D7153F8E-AF22-4557-A136-EEA57F5DEC3A}.Release|x64.Build.0 = Release|iPhoneSimulator
		{D7153F8E-AF22-4557-A136-EEA57F5DEC3A}.Release|x64.Deploy.0 = Release|iPhoneSimulator
		{D7153F8E-AF22-4557-A136-EEA57F5DEC3A}.Release|x86.ActiveCfg = Release|iPhoneSimulator
		{D7153F8E-AF22-4557-A136-EEA57F5DEC3A}.Release|x86.Build.0 = Release|iPhoneSimulator
		{D7153F8E-AF22-4557-A136-EEA57F5DEC3A}.Release|x86.Deploy.0 = Release|iPhoneSimulator
		{AFA0AC08-C637-4CCD-A00E-6AF7F5E525F6}.Debug|Any CPU.ActiveCfg = Debug|Any CPU
		{AFA0AC08-C637-4CCD-A00E-6AF7F5E525F6}.Debug|Any CPU.Build.0 = Debug|Any CPU
		{AFA0AC08-C637-4CCD-A00E-6AF7F5E525F6}.Debug|Any CPU.Deploy.0 = Debug|Any CPU
		{AFA0AC08-C637-4CCD-A00E-6AF7F5E525F6}.Debug|ARM.ActiveCfg = Debug|Any CPU
		{AFA0AC08-C637-4CCD-A00E-6AF7F5E525F6}.Debug|ARM.Build.0 = Debug|Any CPU
		{AFA0AC08-C637-4CCD-A00E-6AF7F5E525F6}.Debug|ARM.Deploy.0 = Debug|Any CPU
		{AFA0AC08-C637-4CCD-A00E-6AF7F5E525F6}.Debug|iPhone.ActiveCfg = Debug|Any CPU
		{AFA0AC08-C637-4CCD-A00E-6AF7F5E525F6}.Debug|iPhone.Build.0 = Debug|Any CPU
		{AFA0AC08-C637-4CCD-A00E-6AF7F5E525F6}.Debug|iPhone.Deploy.0 = Debug|Any CPU
		{AFA0AC08-C637-4CCD-A00E-6AF7F5E525F6}.Debug|iPhoneSimulator.ActiveCfg = Debug|Any CPU
		{AFA0AC08-C637-4CCD-A00E-6AF7F5E525F6}.Debug|iPhoneSimulator.Build.0 = Debug|Any CPU
		{AFA0AC08-C637-4CCD-A00E-6AF7F5E525F6}.Debug|iPhoneSimulator.Deploy.0 = Debug|Any CPU
		{AFA0AC08-C637-4CCD-A00E-6AF7F5E525F6}.Debug|x64.ActiveCfg = Debug|Any CPU
		{AFA0AC08-C637-4CCD-A00E-6AF7F5E525F6}.Debug|x64.Build.0 = Debug|Any CPU
		{AFA0AC08-C637-4CCD-A00E-6AF7F5E525F6}.Debug|x64.Deploy.0 = Debug|Any CPU
		{AFA0AC08-C637-4CCD-A00E-6AF7F5E525F6}.Debug|x86.ActiveCfg = Debug|Any CPU
		{AFA0AC08-C637-4CCD-A00E-6AF7F5E525F6}.Debug|x86.Build.0 = Debug|Any CPU
		{AFA0AC08-C637-4CCD-A00E-6AF7F5E525F6}.Debug|x86.Deploy.0 = Debug|Any CPU
		{AFA0AC08-C637-4CCD-A00E-6AF7F5E525F6}.Release|Any CPU.ActiveCfg = Release|Any CPU
		{AFA0AC08-C637-4CCD-A00E-6AF7F5E525F6}.Release|Any CPU.Build.0 = Release|Any CPU
		{AFA0AC08-C637-4CCD-A00E-6AF7F5E525F6}.Release|Any CPU.Deploy.0 = Release|Any CPU
		{AFA0AC08-C637-4CCD-A00E-6AF7F5E525F6}.Release|ARM.ActiveCfg = Release|Any CPU
		{AFA0AC08-C637-4CCD-A00E-6AF7F5E525F6}.Release|ARM.Build.0 = Release|Any CPU
		{AFA0AC08-C637-4CCD-A00E-6AF7F5E525F6}.Release|ARM.Deploy.0 = Release|Any CPU
		{AFA0AC08-C637-4CCD-A00E-6AF7F5E525F6}.Release|iPhone.ActiveCfg = Release|Any CPU
		{AFA0AC08-C637-4CCD-A00E-6AF7F5E525F6}.Release|iPhone.Build.0 = Release|Any CPU
		{AFA0AC08-C637-4CCD-A00E-6AF7F5E525F6}.Release|iPhone.Deploy.0 = Release|Any CPU
		{AFA0AC08-C637-4CCD-A00E-6AF7F5E525F6}.Release|iPhoneSimulator.ActiveCfg = Release|Any CPU
		{AFA0AC08-C637-4CCD-A00E-6AF7F5E525F6}.Release|iPhoneSimulator.Build.0 = Release|Any CPU
		{AFA0AC08-C637-4CCD-A00E-6AF7F5E525F6}.Release|iPhoneSimulator.Deploy.0 = Release|Any CPU
		{AFA0AC08-C637-4CCD-A00E-6AF7F5E525F6}.Release|x64.ActiveCfg = Release|Any CPU
		{AFA0AC08-C637-4CCD-A00E-6AF7F5E525F6}.Release|x64.Build.0 = Release|Any CPU
		{AFA0AC08-C637-4CCD-A00E-6AF7F5E525F6}.Release|x64.Deploy.0 = Release|Any CPU
		{AFA0AC08-C637-4CCD-A00E-6AF7F5E525F6}.Release|x86.ActiveCfg = Release|Any CPU
		{AFA0AC08-C637-4CCD-A00E-6AF7F5E525F6}.Release|x86.Build.0 = Release|Any CPU
		{AFA0AC08-C637-4CCD-A00E-6AF7F5E525F6}.Release|x86.Deploy.0 = Release|Any CPU
	EndGlobalSection
	GlobalSection(SolutionProperties) = preSolution
		HideSolutionNode = FALSE
	EndGlobalSection
	GlobalSection(ExtensibilityGlobals) = postSolution
		SolutionGuid = {CA1929A7-00D0-4174-8263-96F74255DBB0}
	EndGlobalSection
EndGlobal
